PODS:
  - AWAREFramework (1.14.5):
    - AWAREFramework/Core (= 1.14.5)
  - AWAREFramework/Bluetooth (1.14.5):
    - AWAREFramework/Core
  - AWAREFramework/Calendar (1.14.5):
    - AWAREFramework/Core
  - AWAREFramework/Contact (1.14.5):
    - AWAREFramework/Core
  - AWAREFramework/Core (1.14.5)
  - AWAREFramework/HealthKit (1.14.5):
    - AWAREFramework/Core
  - AWAREFramework/Microphone (1.14.5):
    - AWAREFramework/Core
  - AWAREFramework/MotionActivity (1.14.5):
    - AWAREFramework/Core

DEPENDENCIES:
  - AWAREFramework (from `../`)
  - AWAREFramework/Bluetooth (from `../`)
  - AWAREFramework/Calendar (from `../`)
  - AWAREFramework/Contact (from `../`)
  - AWAREFramework/HealthKit (from `../`)
  - AWAREFramework/Microphone (from `../`)
  - AWAREFramework/MotionActivity (from `../`)

EXTERNAL SOURCES:
  AWAREFramework:
    :path: "../"

SPEC CHECKSUMS:
  AWAREFramework: 339449ad288a41e5bcdd252bf7fc0cb25c7ccf86

PODFILE CHECKSUM: 8a454b54db74166846c5785b138d805caeb42579

COCOAPODS: 1.14.2
