PODS:
  - AWAREFramework (1.1.5):
    - EAIntroView (~> 2.9.0)
    - GoogleSignIn
    - ios-ntp
    - SCNetworkReachability
    - SVProgressHUD
    - TPCircularBuffer
  - CocoaAsyncSocket (7.6.3)
  - EAIntroView (2.9.0):
    - EARestrictedScrollView (~> 1.1.0)
  - EARestrictedScrollView (1.1.0)
  - GoogleSignIn (4.2.0):
    - "GoogleToolboxForMac/NSDictionary+URLArguments (~> 2.1)"
    - "GoogleToolboxForMac/NSString+URLArguments (~> 2.1)"
    - GTMOAuth2 (~> 1.0)
    - GTMSessionFetcher/Core (~> 1.1)
  - GoogleToolboxForMac/DebugUtils (2.1.4):
    - GoogleToolboxForMac/Defines (= 2.1.4)
  - GoogleToolboxForMac/Defines (2.1.4)
  - "GoogleToolboxForMac/NSDictionary+URLArguments (2.1.4)":
    - GoogleToolboxForMac/DebugUtils (= 2.1.4)
    - GoogleToolboxForMac/Defines (= 2.1.4)
    - "GoogleToolboxForMac/NSString+URLArguments (= 2.1.4)"
  - "GoogleToolboxForMac/NSString+URLArguments (2.1.4)"
  - GTMOAuth2 (1.1.6):
    - GTMSessionFetcher (~> 1.1)
  - GTMSessionFetcher (1.2.0):
    - GTMSessionFetcher/Full (= 1.2.0)
  - GTMSessionFetcher/Core (1.2.0)
  - GTMSessionFetcher/Full (1.2.0):
    - GTMSessionFetcher/Core (= 1.2.0)
  - ios-ntp (1.1.9):
    - CocoaAsyncSocket
  - macros_blocks (0.0.4):
    - macros_blocks/core (= 0.0.4)
  - macros_blocks/core (0.0.4)
  - SCNetworkReachability (2.0.6):
    - SCNetworkReachability/Core (= 2.0.6)
  - SCNetworkReachability/Core (2.0.6):
    - macros_blocks (~> 0.0.1)
  - SVProgressHUD (2.2.5)
  - TPCircularBuffer (1.6.1)

DEPENDENCIES:
  - AWAREFramework (from `../`)

SPEC REPOS:
  https://github.com/cocoapods/specs.git:
    - CocoaAsyncSocket
    - EAIntroView
    - EARestrictedScrollView
    - GoogleSignIn
    - GoogleToolboxForMac
    - GTMOAuth2
    - GTMSessionFetcher
    - ios-ntp
    - macros_blocks
    - SCNetworkReachability
    - SVProgressHUD
    - TPCircularBuffer

EXTERNAL SOURCES:
  AWAREFramework:
    :path: "../"

SPEC CHECKSUMS:
  AWAREFramework: a2f0742f1c9400c54843053fda05d3656130d172
  CocoaAsyncSocket: eafaa68a7e0ec99ead0a7b35015e0bf25d2c8987
  EAIntroView: 76f68cc56242f2e25359419e6ecc2344ee7e1756
  EARestrictedScrollView: b0c2a3f92fb2610bb44d71c5e4893777c89e45ef
  GoogleSignIn: 591e46382014e591269f862ba6e7bc0fbd793532
  GoogleToolboxForMac: 91c824d21e85b31c2aae9bb011c5027c9b4e738f
  GTMOAuth2: c77fe325e4acd453837e72d91e3b5f13116857b2
  GTMSessionFetcher: 0c4baf0a73acd0041bf9f71ea018deedab5ea84e
  ios-ntp: 49a4ef0866aee5343627710c1c7de71d7c064417
  macros_blocks: cf3ff5810b798f462def9f1e3999817dc45cf2df
  SCNetworkReachability: dbb0150b1a7a4579e148420132da19e718b955ce
  SVProgressHUD: 1428aafac632c1f86f62aa4243ec12008d7a51d6
  TPCircularBuffer: c13243556527551c4d320709c7b14a6d20cdc30a

PODFILE CHECKSUM: 7d0ae0b906ddc337226eb23f210b035e8069bbb7

COCOAPODS: 1.5.3
